
Microsoft Visual Studio Solution File, Format Version 12.00
# Visual Studio Version 16
VisualStudioVersion = 16.0.30128.74
MinimumVisualStudioVersion = 10.0.40219.1
Project("{FAE04EC0-301F-11D3-BF4B-00C04F79EFBC}") = "Sampleapp", "Sampleapp.csproj", "{3F99B8FA-5E07-4AED-B34E-FF9A58A7B596}"
EndProject
Global
	GlobalSection(SolutionConfigurationPlatforms) = preSolution
		Debug|Any CPU = Debug|Any CPU
		Release|Any CPU = Release|Any CPU
	EndGlobalSection
	GlobalSection(ProjectConfigurationPlatforms) = postSolution
		{3F99B8FA-5E07-4AED-B34E-FF9A58A7B596}.Debug|Any CPU.ActiveCfg = Debug|Any CPU
		{3F99B8FA-5E07-4AED-B34E-FF9A58A7B596}.Debug|Any CPU.Build.0 = Debug|Any CPU
		{3F99B8FA-5E07-4AED-B34E-FF9A58A7B596}.Release|Any CPU.ActiveCfg = Release|Any CPU
		{3F99B8FA-5E07-4AED-B34E-FF9A58A7B596}.Release|Any CPU.Build.0 = Release|Any CPU
	EndGlobalSection
	GlobalSection(SolutionProperties) = preSolution
		HideSolutionNode = FALSE
	EndGlobalSection
	GlobalSection(ExtensibilityGlobals) = postSolution
		SolutionGuid = {C79E95B2-DC21-48E5-8377-0590D5E2EDF9}
	EndGlobalSection
EndGlobal
